// !$*UTF8*$!
{
	archiveVersion = 1;
	classes = {
	};
	objectVersion = 46;
	objects = {

/* Begin PBXBuildFile section */
		CE0060871BCDBE12009F6ECD /* TopicD.cpp in Sources */ = {isa = PBXBuildFile; fileRef = CE0060861BCDBE12009F6ECD /* TopicD.cpp */; };
		CE0060951BCDBECA009F6ECD /* PrecondViolatedExcep.cpp in Sources */ = {isa = PBXBuildFile; fileRef = CE0060931BCDBECA009F6ECD /* PrecondViolatedExcep.cpp */; };
		CE0060981BCDBF6B009F6ECD /* Soundtrack.cpp in Sources */ = {isa = PBXBuildFile; fileRef = CE0060961BCDBF6B009F6ECD /* Soundtrack.cpp */; };
/* End PBXBuildFile section */

/* Begin PBXCopyFilesBuildPhase section */
		CE0060811BCDBE12009F6ECD /* CopyFiles */ = {
			isa = PBXCopyFilesBuildPhase;
			buildActionMask = 2147483647;
			dstPath = /usr/share/man/man1/;
			dstSubfolderSpec = 0;
			files = (
			);
			runOnlyForDeploymentPostprocessing = 1;
		};
/* End PBXCopyFilesBuildPhase section */

/* Begin PBXFileReference section */
		CE0060831BCDBE12009F6ECD /* Topic D */ = {isa = PBXFileReference; explicitFileType = "compiled.mach-o.executable"; includeInIndex = 0; path = "Topic D"; sourceTree = BUILT_PRODUCTS_DIR; };
		CE0060861BCDBE12009F6ECD /* TopicD.cpp */ = {isa = PBXFileReference; lastKnownFileType = sourcecode.cpp.cpp; path = TopicD.cpp; sourceTree = "<group>"; };
		CE00608D1BCDBE7D009F6ECD /* BinaryNode.h */ = {isa = PBXFileReference; fileEncoding = 4; lastKnownFileType = sourcecode.c.h; path = BinaryNode.h; sourceTree = "<group>"; };
		CE00608E1BCDBE7D009F6ECD /* BinaryNodeTree.cpp */ = {isa = PBXFileReference; fileEncoding = 4; lastKnownFileType = sourcecode.cpp.cpp; path = BinaryNodeTree.cpp; sourceTree = "<group>"; };
		CE00608F1BCDBE7D009F6ECD /* BinaryNodeTree.h */ = {isa = PBXFileReference; fileEncoding = 4; lastKnownFileType = sourcecode.c.h; path = BinaryNodeTree.h; sourceTree = "<group>"; };
		CE0060901BCDBE7D009F6ECD /* BinarySearchTree.h */ = {isa = PBXFileReference; fileEncoding = 4; lastKnownFileType = sourcecode.c.h; path = BinarySearchTree.h; sourceTree = "<group>"; };
		CE0060931BCDBECA009F6ECD /* PrecondViolatedExcep.cpp */ = {isa = PBXFileReference; fileEncoding = 4; lastKnownFileType = sourcecode.cpp.cpp; path = PrecondViolatedExcep.cpp; sourceTree = "<group>"; };
		CE0060941BCDBECA009F6ECD /* PrecondViolatedExcep.h */ = {isa = PBXFileReference; fileEncoding = 4; lastKnownFileType = sourcecode.c.h; path = PrecondViolatedExcep.h; sourceTree = "<group>"; };
		CE0060961BCDBF6B009F6ECD /* Soundtrack.cpp */ = {isa = PBXFileReference; fileEncoding = 4; lastKnownFileType = sourcecode.cpp.cpp; path = Soundtrack.cpp; sourceTree = "<group>"; };
		CE0060971BCDBF6B009F6ECD /* Soundtrack.h */ = {isa = PBXFileReference; fileEncoding = 4; lastKnownFileType = sourcecode.c.h; path = Soundtrack.h; sourceTree = "<group>"; };
		CE427A411BD027C400F86F7F /* NotFoundException.h */ = {isa = PBXFileReference; fileEncoding = 4; lastKnownFileType = sourcecode.c.h; path = NotFoundException.h; sourceTree = "<group>"; };
		CE427A461BD029A300F86F7F /* BinarySearchTree.cpp */ = {isa = PBXFileReference; fileEncoding = 4; lastKnownFileType = sourcecode.cpp.cpp; path = BinarySearchTree.cpp; sourceTree = "<group>"; };
/* End PBXFileReference section */

/* Begin PBXFrameworksBuildPhase section */
		CE0060801BCDBE12009F6ECD /* Frameworks */ = {
			isa = PBXFrameworksBuildPhase;
			buildActionMask = 2147483647;
			files = (
			);
			runOnlyForDeploymentPostprocessing = 0;
		};
/* End PBXFrameworksBuildPhase section */

/* Begin PBXGroup section */
		CE00607A1BCDBE12009F6ECD = {
			isa = PBXGroup;
			children = (
				CE0060851BCDBE12009F6ECD /* Topic D */,
				CE0060841BCDBE12009F6ECD /* Products */,
			);
			sourceTree = "<group>";
		};
		CE0060841BCDBE12009F6ECD /* Products */ = {
			isa = PBXGroup;
			children = (
				CE0060831BCDBE12009F6ECD /* Topic D */,
			);
			name = Products;
			sourceTree = "<group>";
		};
		CE0060851BCDBE12009F6ECD /* Topic D */ = {
			isa = PBXGroup;
			children = (
				CE0060861BCDBE12009F6ECD /* TopicD.cpp */,
				CE427A461BD029A300F86F7F /* BinarySearchTree.cpp */,
				CE0060901BCDBE7D009F6ECD /* BinarySearchTree.h */,
				CE00608E1BCDBE7D009F6ECD /* BinaryNodeTree.cpp */,
				CE00608F1BCDBE7D009F6ECD /* BinaryNodeTree.h */,
				CE00608D1BCDBE7D009F6ECD /* BinaryNode.h */,
				CE0060961BCDBF6B009F6ECD /* Soundtrack.cpp */,
				CE0060971BCDBF6B009F6ECD /* Soundtrack.h */,
				CE0060931BCDBECA009F6ECD /* PrecondViolatedExcep.cpp */,
				CE0060941BCDBECA009F6ECD /* PrecondViolatedExcep.h */,
				CE427A411BD027C400F86F7F /* NotFoundException.h */,
			);
			path = "Topic D";
			sourceTree = "<group>";
		};
/* End PBXGroup section */

/* Begin PBXNativeTarget section */
		CE0060821BCDBE12009F6ECD /* Topic D */ = {
			isa = PBXNativeTarget;
			buildConfigurationList = CE00608A1BCDBE12009F6ECD /* Build configuration list for PBXNativeTarget "Topic D" */;
			buildPhases = (
				CE00607F1BCDBE12009F6ECD /* Sources */,
				CE0060801BCDBE12009F6ECD /* Frameworks */,
				CE0060811BCDBE12009F6ECD /* CopyFiles */,
			);
			buildRules = (
			);
			dependencies = (
			);
			name = "Topic D";
			productName = "Topic D";
			productReference = CE0060831BCDBE12009F6ECD /* Topic D */;
			productType = "com.apple.product-type.tool";
		};
/* End PBXNativeTarget section */

/* Begin PBXProject section */
		CE00607B1BCDBE12009F6ECD /* Project object */ = {
			isa = PBXProject;
			attributes = {
				LastUpgradeCheck = 0620;
				ORGANIZATIONNAME = "Ben Dahl";
				TargetAttributes = {
					CE0060821BCDBE12009F6ECD = {
						CreatedOnToolsVersion = 6.2;
					};
				};
			};
			buildConfigurationList = CE00607E1BCDBE12009F6ECD /* Build configuration list for PBXProject "Topic D" */;
			compatibilityVersion = "Xcode 3.2";
			developmentRegion = English;
			hasScannedForEncodings = 0;
			knownRegions = (
				en,
			);
			mainGroup = CE00607A1BCDBE12009F6ECD;
			productRefGroup = CE0060841BCDBE12009F6ECD /* Products */;
			projectDirPath = "";
			projectRoot = "";
			targets = (
				CE0060821BCDBE12009F6ECD /* Topic D */,
			);
		};
/* End PBXProject section */

/* Begin PBXSourcesBuildPhase section */
		CE00607F1BCDBE12009F6ECD /* Sources */ = {
			isa = PBXSourcesBuildPhase;
			buildActionMask = 2147483647;
			files = (
				CE0060951BCDBECA009F6ECD /* PrecondViolatedExcep.cpp in Sources */,
				CE0060981BCDBF6B009F6ECD /* Soundtrack.cpp in Sources */,
				CE0060871BCDBE12009F6ECD /* TopicD.cpp in Sources */,
			);
			runOnlyForDeploymentPostprocessing = 0;
		};
/* End PBXSourcesBuildPhase section */

/* Begin XCBuildConfiguration section */
		CE0060881BCDBE12009F6ECD /* Debug */ = {
			isa = XCBuildConfiguration;
			buildSettings = {
				ALWAYS_SEARCH_USER_PATHS = NO;
				CLANG_CXX_LANGUAGE_STANDARD = "gnu++0x";
				CLANG_CXX_LIBRARY = "libc++";
				CLANG_ENABLE_MODULES = YES;
				CLANG_ENABLE_OBJC_ARC = YES;
				CLANG_WARN_BOOL_CONVERSION = YES;
				CLANG_WARN_CONSTANT_CONVERSION = YES;
				CLANG_WARN_DIRECT_OBJC_ISA_USAGE = YES_ERROR;
				CLANG_WARN_EMPTY_BODY = YES;
				CLANG_WARN_ENUM_CONVERSION = YES;
				CLANG_WARN_INT_CONVERSION = YES;
				CLANG_WARN_OBJC_ROOT_CLASS = YES_ERROR;
				CLANG_WARN_UNREACHABLE_CODE = YES;
				CLANG_WARN__DUPLICATE_METHOD_MATCH = YES;
				COPY_PHASE_STRIP = NO;
				ENABLE_STRICT_OBJC_MSGSEND = YES;
				GCC_C_LANGUAGE_STANDARD = gnu99;
				GCC_DYNAMIC_NO_PIC = NO;
				GCC_OPTIMIZATION_LEVEL = 0;
				GCC_PREPROCESSOR_DEFINITIONS = (
					"DEBUG=1",
					"$(inherited)",
				);
				GCC_SYMBOLS_PRIVATE_EXTERN = NO;
				GCC_WARN_64_TO_32_BIT_CONVERSION = YES;
				GCC_WARN_ABOUT_RETURN_TYPE = YES_ERROR;
				GCC_WARN_UNDECLARED_SELECTOR = YES;
				GCC_WARN_UNINITIALIZED_AUTOS = YES_AGGRESSIVE;
				GCC_WARN_UNUSED_FUNCTION = YES;
				GCC_WARN_UNUSED_VARIABLE = YES;
				MACOSX_DEPLOYMENT_TARGET = 10.9;
				MTL_ENABLE_DEBUG_INFO = YES;
				ONLY_ACTIVE_ARCH = YES;
				SDKROOT = macosx;
			};
			name = Debug;
		};
		CE0060891BCDBE12009F6ECD /* Release */ = {
			isa = XCBuildConfiguration;
			buildSettings = {
				ALWAYS_SEARCH_USER_PATHS = NO;
				CLANG_CXX_LANGUAGE_STANDARD = "gnu++0x";
				CLANG_CXX_LIBRARY = "libc++";
				CLANG_ENABLE_MODULES = YES;
				CLANG_ENABLE_OBJC_ARC = YES;
				CLANG_WARN_BOOL_CONVERSION = YES;
				CLANG_WARN_CONSTANT_CONVERSION = YES;
				CLANG_WARN_DIRECT_OBJC_ISA_USAGE = YES_ERROR;
				CLANG_WARN_EMPTY_BODY = YES;
				CLANG_WARN_ENUM_CONVERSION = YES;
				CLANG_WARN_INT_CONVERSION = YES;
				CLANG_WARN_OBJC_ROOT_CLASS = YES_ERROR;
				CLANG_WARN_UNREACHABLE_CODE = YES;
				CLANG_WARN__DUPLICATE_METHOD_MATCH = YES;
				COPY_PHASE_STRIP = NO;
				DEBUG_INFORMATION_FORMAT = "dwarf-with-dsym";
				ENABLE_NS_ASSERTIONS = NO;
				ENABLE_STRICT_OBJC_MSGSEND = YES;
				GCC_C_LANGUAGE_STANDARD = gnu99;
				GCC_WARN_64_TO_32_BIT_CONVERSION = YES;
				GCC_WARN_ABOUT_RETURN_TYPE = YES_ERROR;
				GCC_WARN_UNDECLARED_SELECTOR = YES;
				GCC_WARN_UNINITIALIZED_AUTOS = YES_AGGRESSIVE;
				GCC_WARN_UNUSED_FUNCTION = YES;
				GCC_WARN_UNUSED_VARIABLE = YES;
				MACOSX_DEPLOYMENT_TARGET = 10.9;
				MTL_ENABLE_DEBUG_INFO = NO;
				SDKROOT = macosx;
			};
			name = Release;
		};
		CE00608B1BCDBE12009F6ECD /* Debug */ = {
			isa = XCBuildConfiguration;
			buildSettings = {
				PRODUCT_NAME = "$(TARGET_NAME)";
			};
			name = Debug;
		};
		CE00608C1BCDBE12009F6ECD /* Release */ = {
			isa = XCBuildConfiguration;
			buildSettings = {
				PRODUCT_NAME = "$(TARGET_NAME)";
			};
			name = Release;
		};
/* End XCBuildConfiguration section */

/* Begin XCConfigurationList section */
		CE00607E1BCDBE12009F6ECD /* Build configuration list for PBXProject "Topic D" */ = {
			isa = XCConfigurationList;
			buildConfigurations = (
				CE0060881BCDBE12009F6ECD /* Debug */,
				CE0060891BCDBE12009F6ECD /* Release */,
			);
			defaultConfigurationIsVisible = 0;
			defaultConfigurationName = Release;
		};
		CE00608A1BCDBE12009F6ECD /* Build configuration list for PBXNativeTarget "Topic D" */ = {
			isa = XCConfigurationList;
			buildConfigurations = (
				CE00608B1BCDBE12009F6ECD /* Debug */,
				CE00608C1BCDBE12009F6ECD /* Release */,
			);
			defaultConfigurationIsVisible = 0;
			defaultConfigurationName = Release;
		};
/* End XCConfigurationList section */
	};
	rootObject = CE00607B1BCDBE12009F6ECD /* Project object */;
}
